
Microsoft Visual Studio Solution File, Format Version 12.00
# Visual Studio 14
VisualStudioVersion = 14.0.25123.0
MinimumVisualStudioVersion = 10.0.40219.1
Project("{FAE04EC0-301F-11D3-BF4B-00C04F79EFBC}") = "VisGeek.Apps.OfficeLineArt", "VisGeek.Apps.OfficeLineArt\VisGeek.Apps.OfficeLineArt.csproj", "{D64D887B-39BC-4A09-B0C3-1627BE346B1F}"
EndProject
Project("{FAE04EC0-301F-11D3-BF4B-00C04F79EFBC}") = "VisGeek.Apps.OfficeLineArt.ExcelLineArt", "VisGeek.Apps.OfficeLineArt.ExcelLineArt\VisGeek.Apps.OfficeLineArt.ExcelLineArt.csproj", "{0A4B92B6-1ED9-427A-B3DF-B20C54E79FEE}"
EndProject
Project("{FAE04EC0-301F-11D3-BF4B-00C04F79EFBC}") = "VisGeek.Apps.OfficeLineArt.VisioLineArt", "VisGeek.Apps.OfficeLineArt.VisioLineArt\VisGeek.Apps.OfficeLineArt.VisioLineArt.csproj", "{F600E7C3-C8CA-4B9E-B76A-5A6BAD13BD7C}"
EndProject
Global
	GlobalSection(SolutionConfigurationPlatforms) = preSolution
		Debug|Any CPU = Debug|Any CPU
		Release|Any CPU = Release|Any CPU
	EndGlobalSection
	GlobalSection(ProjectConfigurationPlatforms) = postSolution
		{D64D887B-39BC-4A09-B0C3-1627BE346B1F}.Debug|Any CPU.ActiveCfg = Debug|Any CPU
		{D64D887B-39BC-4A09-B0C3-1627BE346B1F}.Debug|Any CPU.Build.0 = Debug|Any CPU
		{D64D887B-39BC-4A09-B0C3-1627BE346B1F}.Release|Any CPU.ActiveCfg = Release|Any CPU
		{D64D887B-39BC-4A09-B0C3-1627BE346B1F}.Release|Any CPU.Build.0 = Release|Any CPU
		{0A4B92B6-1ED9-427A-B3DF-B20C54E79FEE}.Debug|Any CPU.ActiveCfg = Debug|Any CPU
		{0A4B92B6-1ED9-427A-B3DF-B20C54E79FEE}.Debug|Any CPU.Build.0 = Debug|Any CPU
		{0A4B92B6-1ED9-427A-B3DF-B20C54E79FEE}.Release|Any CPU.ActiveCfg = Release|Any CPU
		{0A4B92B6-1ED9-427A-B3DF-B20C54E79FEE}.Release|Any CPU.Build.0 = Release|Any CPU
		{F600E7C3-C8CA-4B9E-B76A-5A6BAD13BD7C}.Debug|Any CPU.ActiveCfg = Debug|Any CPU
		{F600E7C3-C8CA-4B9E-B76A-5A6BAD13BD7C}.Debug|Any CPU.Build.0 = Debug|Any CPU
		{F600E7C3-C8CA-4B9E-B76A-5A6BAD13BD7C}.Release|Any CPU.ActiveCfg = Release|Any CPU
		{F600E7C3-C8CA-4B9E-B76A-5A6BAD13BD7C}.Release|Any CPU.Build.0 = Release|Any CPU
	EndGlobalSection
	GlobalSection(SolutionProperties) = preSolution
		HideSolutionNode = FALSE
	EndGlobalSection
EndGlobal
